
Microsoft Visual Studio Solution File, Format Version 12.00
# Visual Studio Version 16
VisualStudioVersion = 16.0.30011.22
MinimumVisualStudioVersion = 10.0.40219.1
Project("{FAE04EC0-301F-11D3-BF4B-00C04F79EFBC}") = "zadane 5", "zadane 5\zadane 5.csproj", "{4F8A673E-3416-4639-AA33-0C33C9C9DD17}"
EndProject
Global
	GlobalSection(SolutionConfigurationPlatforms) = preSolution
		Debug|Any CPU = Debug|Any CPU
		Release|Any CPU = Release|Any CPU
	EndGlobalSection
	GlobalSection(ProjectConfigurationPlatforms) = postSolution
		{4F8A673E-3416-4639-AA33-0C33C9C9DD17}.Debug|Any CPU.ActiveCfg = Debug|Any CPU
		{4F8A673E-3416-4639-AA33-0C33C9C9DD17}.Debug|Any CPU.Build.0 = Debug|Any CPU
		{4F8A673E-3416-4639-AA33-0C33C9C9DD17}.Release|Any CPU.ActiveCfg = Release|Any CPU
		{4F8A673E-3416-4639-AA33-0C33C9C9DD17}.Release|Any CPU.Build.0 = Release|Any CPU
	EndGlobalSection
	GlobalSection(SolutionProperties) = preSolution
		HideSolutionNode = FALSE
	EndGlobalSection
	GlobalSection(ExtensibilityGlobals) = postSolution
		SolutionGuid = {A38ED29C-8A7C-483A-90D2-9846A9BA40F6}
	EndGlobalSection
EndGlobal
