
Microsoft Visual Studio Solution File, Format Version 12.00
# Visual Studio Version 16
VisualStudioVersion = 16.0.30011.22
MinimumVisualStudioVersion = 10.0.40219.1
Project("{FAE04EC0-301F-11D3-BF4B-00C04F79EFBC}") = "my_first_application", "my_first_application\my_first_application.csproj", "{3177B891-E649-45F6-8E74-EBCA6A00B566}"
EndProject
Global
	GlobalSection(SolutionConfigurationPlatforms) = preSolution
		Debug|Any CPU = Debug|Any CPU
		Release|Any CPU = Release|Any CPU
	EndGlobalSection
	GlobalSection(ProjectConfigurationPlatforms) = postSolution
		{3177B891-E649-45F6-8E74-EBCA6A00B566}.Debug|Any CPU.ActiveCfg = Debug|Any CPU
		{3177B891-E649-45F6-8E74-EBCA6A00B566}.Debug|Any CPU.Build.0 = Debug|Any CPU
		{3177B891-E649-45F6-8E74-EBCA6A00B566}.Release|Any CPU.ActiveCfg = Release|Any CPU
		{3177B891-E649-45F6-8E74-EBCA6A00B566}.Release|Any CPU.Build.0 = Release|Any CPU
	EndGlobalSection
	GlobalSection(SolutionProperties) = preSolution
		HideSolutionNode = FALSE
	EndGlobalSection
	GlobalSection(ExtensibilityGlobals) = postSolution
		SolutionGuid = {3103E1C4-342D-4A1C-B1FF-83BA747CAFA5}
	EndGlobalSection
EndGlobal
